{
  "requires": true,
  "lockfileVersion": 1,
  "dependencies": {
    "cam": {
      "version": "0.0.1",
      "resolved": "https://registry.npmjs.org/cam/-/cam-0.0.1.tgz",
      "integrity": "sha1-WWbbVgZh9/H5EH345A9Ttvq8eIs="
    },
    "webcam-easy": {
      "version": "1.0.5",
      "resolved": "https://registry.npmjs.org/webcam-easy/-/webcam-easy-1.0.5.tgz",
      "integrity": "sha512-YSXB21kfnwdrlPX/u1O5r8pbHxCaw3bsxhmvS1S9ixK/8n8LzxOduylqwVUSjYGSVJRhopJUN77SOh3Z0QgaIQ=="
    }
  }
}
